
Microsoft Visual Studio Solution File, Format Version 12.00
# Visual Studio Version 16
VisualStudioVersion = 16.0.31112.23
MinimumVisualStudioVersion = 10.0.40219.1
Project("{FAE04EC0-301F-11D3-BF4B-00C04F79EFBC}") = "OSMBuildingGenerator (CSharp)", "OSMBuildingGenerator (CSharp)\OSMBuildingGenerator (CSharp).csproj", "{F177423E-E65F-4D06-8F55-459EBBBEFCCD}"
EndProject
Project("{9092AA53-FB77-4645-B42D-1CCCA6BD08BD}") = "OSMBuildingGenerator (JavaScript)", "OSMBuildingGenerator (JavaScript)\OSMBuildingGenerator (JavaScript).njsproj", "{A2BC4D58-C354-47EF-B5C3-F627DC4EA800}"
EndProject
Global
	GlobalSection(SolutionConfigurationPlatforms) = preSolution
		Debug|Any CPU = Debug|Any CPU
		Release|Any CPU = Release|Any CPU
	EndGlobalSection
	GlobalSection(ProjectConfigurationPlatforms) = postSolution
		{F177423E-E65F-4D06-8F55-459EBBBEFCCD}.Debug|Any CPU.ActiveCfg = Debug|Any CPU
		{F177423E-E65F-4D06-8F55-459EBBBEFCCD}.Debug|Any CPU.Build.0 = Debug|Any CPU
		{F177423E-E65F-4D06-8F55-459EBBBEFCCD}.Release|Any CPU.ActiveCfg = Release|Any CPU
		{F177423E-E65F-4D06-8F55-459EBBBEFCCD}.Release|Any CPU.Build.0 = Release|Any CPU
		{A2BC4D58-C354-47EF-B5C3-F627DC4EA800}.Debug|Any CPU.ActiveCfg = Debug|Any CPU
		{A2BC4D58-C354-47EF-B5C3-F627DC4EA800}.Debug|Any CPU.Build.0 = Debug|Any CPU
		{A2BC4D58-C354-47EF-B5C3-F627DC4EA800}.Release|Any CPU.ActiveCfg = Release|Any CPU
		{A2BC4D58-C354-47EF-B5C3-F627DC4EA800}.Release|Any CPU.Build.0 = Release|Any CPU
	EndGlobalSection
	GlobalSection(SolutionProperties) = preSolution
		HideSolutionNode = FALSE
	EndGlobalSection
	GlobalSection(ExtensibilityGlobals) = postSolution
		SolutionGuid = {269231E9-A8A8-4DAE-B9EF-AE6F5E362E72}
	EndGlobalSection
EndGlobal
